
Microsoft Visual Studio Solution File, Format Version 12.00
# Visual Studio Version 16
VisualStudioVersion = 16.0.29709.97
MinimumVisualStudioVersion = 10.0.40219.1
Project("{9A19103F-16F7-4668-BE54-9A1E7A4F7556}") = "Soneta.Example.AsyncWorker", "Soneta.Example.AsyncWorker\Soneta.Example.AsyncWorker.csproj", "{40797A6F-B3B1-4E6C-B3EC-C1708B8A1A57}"
EndProject
Project("{FAE04EC0-301F-11D3-BF4B-00C04F79EFBC}") = "GitHubApi", "GitHubApi\GitHubApi.csproj", "{905078F9-FEC5-4A60-8A2E-89A8227239D8}"
EndProject
Global
	GlobalSection(SolutionConfigurationPlatforms) = preSolution
		Debug|Any CPU = Debug|Any CPU
		Release|Any CPU = Release|Any CPU
	EndGlobalSection
	GlobalSection(ProjectConfigurationPlatforms) = postSolution
		{40797A6F-B3B1-4E6C-B3EC-C1708B8A1A57}.Debug|Any CPU.ActiveCfg = Debug|Any CPU
		{40797A6F-B3B1-4E6C-B3EC-C1708B8A1A57}.Debug|Any CPU.Build.0 = Debug|Any CPU
		{40797A6F-B3B1-4E6C-B3EC-C1708B8A1A57}.Release|Any CPU.ActiveCfg = Release|Any CPU
		{40797A6F-B3B1-4E6C-B3EC-C1708B8A1A57}.Release|Any CPU.Build.0 = Release|Any CPU
		{905078F9-FEC5-4A60-8A2E-89A8227239D8}.Debug|Any CPU.ActiveCfg = Debug|Any CPU
		{905078F9-FEC5-4A60-8A2E-89A8227239D8}.Debug|Any CPU.Build.0 = Debug|Any CPU
		{905078F9-FEC5-4A60-8A2E-89A8227239D8}.Release|Any CPU.ActiveCfg = Release|Any CPU
		{905078F9-FEC5-4A60-8A2E-89A8227239D8}.Release|Any CPU.Build.0 = Release|Any CPU
	EndGlobalSection
	GlobalSection(SolutionProperties) = preSolution
		HideSolutionNode = FALSE
	EndGlobalSection
	GlobalSection(ExtensibilityGlobals) = postSolution
		SolutionGuid = {D63E1205-6323-496D-AEF1-A5CDCC462BC4}
	EndGlobalSection
EndGlobal
